
Microsoft Visual Studio Solution File, Format Version 12.00
# Visual Studio Version 17
VisualStudioVersion = 17.2.32630.192
MinimumVisualStudioVersion = 10.0.40219.1
Project("{FAE04EC0-301F-11D3-BF4B-00C04F79EFBC}") = "DataStore", "DataStore\DataStore.csproj", "{5D506C90-AE8F-4D1B-82B2-E3DF4BB7B237}"
EndProject
Global
	GlobalSection(SolutionConfigurationPlatforms) = preSolution
		Debug|Any CPU = Debug|Any CPU
		Release|Any CPU = Release|Any CPU
	EndGlobalSection
	GlobalSection(ProjectConfigurationPlatforms) = postSolution
		{5D506C90-AE8F-4D1B-82B2-E3DF4BB7B237}.Debug|Any CPU.ActiveCfg = Debug|Any CPU
		{5D506C90-AE8F-4D1B-82B2-E3DF4BB7B237}.Debug|Any CPU.Build.0 = Debug|Any CPU
		{5D506C90-AE8F-4D1B-82B2-E3DF4BB7B237}.Release|Any CPU.ActiveCfg = Release|Any CPU
		{5D506C90-AE8F-4D1B-82B2-E3DF4BB7B237}.Release|Any CPU.Build.0 = Release|Any CPU
	EndGlobalSection
	GlobalSection(SolutionProperties) = preSolution
		HideSolutionNode = FALSE
	EndGlobalSection
	GlobalSection(ExtensibilityGlobals) = postSolution
		SolutionGuid = {560E38DF-DEFC-415F-9A66-3A85FA1A996D}
	EndGlobalSection
EndGlobal
